
Microsoft Visual Studio Solution File, Format Version 12.00
# Visual Studio Version 16
VisualStudioVersion = 16.0.31727.386
MinimumVisualStudioVersion = 10.0.40219.1
Project("{FAE04EC0-301F-11D3-BF4B-00C04F79EFBC}") = "XA_TwoTable", "XA_TwoTable\XA_TwoTable.csproj", "{68140E5E-F4F6-4CFC-B000-35B382E90E0D}"
EndProject
Global
	GlobalSection(SolutionConfigurationPlatforms) = preSolution
		Debug|Any CPU = Debug|Any CPU
		Release|Any CPU = Release|Any CPU
	EndGlobalSection
	GlobalSection(ProjectConfigurationPlatforms) = postSolution
		{68140E5E-F4F6-4CFC-B000-35B382E90E0D}.Debug|Any CPU.ActiveCfg = Debug|Any CPU
		{68140E5E-F4F6-4CFC-B000-35B382E90E0D}.Debug|Any CPU.Build.0 = Debug|Any CPU
		{68140E5E-F4F6-4CFC-B000-35B382E90E0D}.Debug|Any CPU.Deploy.0 = Debug|Any CPU
		{68140E5E-F4F6-4CFC-B000-35B382E90E0D}.Release|Any CPU.ActiveCfg = Release|Any CPU
		{68140E5E-F4F6-4CFC-B000-35B382E90E0D}.Release|Any CPU.Build.0 = Release|Any CPU
		{68140E5E-F4F6-4CFC-B000-35B382E90E0D}.Release|Any CPU.Deploy.0 = Release|Any CPU
	EndGlobalSection
	GlobalSection(SolutionProperties) = preSolution
		HideSolutionNode = FALSE
	EndGlobalSection
	GlobalSection(ExtensibilityGlobals) = postSolution
		SolutionGuid = {E2AF559D-CAD0-4625-9156-ECE63BA7556B}
	EndGlobalSection
EndGlobal
